# THIS IS AN AUTOGENERATED FILE. DO NOT EDIT THIS FILE DIRECTLY.
# yarn lockfile v1


"@prisma/client@^5.5.0":
  version "5.5.0"
  resolved "https://registry.npmjs.org/@prisma/client/-/client-5.5.0.tgz#d3f787a66e34d97c33325a3f1b14af918f07e723"
  integrity sha512-JiCj/h79PRawWiBVa4Ng4tBaKMrfJgUwuRrZi4NuQRd58gWIP4kEYMqIidpUrab3dU2NM617pWRG2avX+dh+Sg==
  dependencies:
    "@prisma/engines-version" "5.5.0-19.475c616176945d72f4330c92801f0c5e6398dc0f"

"@prisma/engines-version@5.5.0-19.475c616176945d72f4330c92801f0c5e6398dc0f":
  version "5.5.0-19.475c616176945d72f4330c92801f0c5e6398dc0f"
  resolved "https://registry.npmjs.org/@prisma/engines-version/-/engines-version-5.5.0-19.475c616176945d72f4330c92801f0c5e6398dc0f.tgz#c3ddca62ee65158a20ce194c2492791f506f4bfc"
  integrity sha512-/1orOUq7I54ISYBJockYB15FmF/VkCBeFzYYkWyLtBl2tLlJWHmA3NEUBM+wSmXGLK78BmuSNHrLbf8bmXkukQ==

"@prisma/engines@5.5.0":
  version "5.5.0"
  resolved "https://registry.npmjs.org/@prisma/engines/-/engines-5.5.0.tgz#80b9035d533e3dcd4297ddeada4806fe176ae7bf"
  integrity sha512-WX+8l4sJuWeS3A/5WqJpdBHp32UzUticiKwUWbFggcd6/sqGtCiiaFmXYmNw6Au2O6hjSX37Y07Vu2ZhP9cmWg==

prisma@^5.5.0:
  version "5.5.0"
  resolved "https://registry.npmjs.org/prisma/-/prisma-5.5.0.tgz#088c3733ddc578cabdbddb89adc53ddc423ac27f"
  integrity sha512-QyMMh1WQiGU07Iz3Q8jd6y5KlomGLDVb4etkMWpQ4EmDAaY+zGgNHmBk2MfRPb0A+un1Ior1nZWZorfnKD6E5A==
  dependencies:
    "@prisma/engines" "5.5.0"
